
Microsoft Visual Studio Solution File, Format Version 12.00
# Visual Studio Version 17
VisualStudioVersion = 17.5.33516.290
MinimumVisualStudioVersion = 10.0.40219.1
Project("{FAE04EC0-301F-11D3-BF4B-00C04F79EFBC}") = "MyAspNetCoreApp.Web", "MyAspNetCoreApp.Web\MyAspNetCoreApp.Web.csproj", "{5C033A6C-4034-4CC9-89BF-0A323871BAC5}"
EndProject
Global
	GlobalSection(SolutionConfigurationPlatforms) = preSolution
		Debug|Any CPU = Debug|Any CPU
		Release|Any CPU = Release|Any CPU
	EndGlobalSection
	GlobalSection(ProjectConfigurationPlatforms) = postSolution
		{5C033A6C-4034-4CC9-89BF-0A323871BAC5}.Debug|Any CPU.ActiveCfg = Debug|Any CPU
		{5C033A6C-4034-4CC9-89BF-0A323871BAC5}.Debug|Any CPU.Build.0 = Debug|Any CPU
		{5C033A6C-4034-4CC9-89BF-0A323871BAC5}.Release|Any CPU.ActiveCfg = Release|Any CPU
		{5C033A6C-4034-4CC9-89BF-0A323871BAC5}.Release|Any CPU.Build.0 = Release|Any CPU
	EndGlobalSection
	GlobalSection(SolutionProperties) = preSolution
		HideSolutionNode = FALSE
	EndGlobalSection
	GlobalSection(ExtensibilityGlobals) = postSolution
		SolutionGuid = {BF3A5CBD-8B0A-4942-8C8A-C984DFF7A7B3}
	EndGlobalSection
EndGlobal
